
Microsoft Visual Studio Solution File, Format Version 12.00
# Visual Studio 2013
VisualStudioVersion = 12.0.31101.0
MinimumVisualStudioVersion = 10.0.40219.1
Project("{8BC9CEB8-8B4A-11D0-8D11-00A0C91BC942}") = "Videogame", "Videogame\Videogame.vcxproj", "{816A670E-D1FD-4025-A148-2C422E6230C1}"
	ProjectSection(ProjectDependencies) = postProject
		{8D6D5138-EE26-4934-99D7-166567CF83E7} = {8D6D5138-EE26-4934-99D7-166567CF83E7}
		{26F83A88-A038-4A21-9857-1E9360341EF5} = {26F83A88-A038-4A21-9857-1E9360341EF5}
	EndProjectSection
EndProject
Project("{8BC9CEB8-8B4A-11D0-8D11-00A0C91BC942}") = "Base", "Base\Base.vcxproj", "{8D6D5138-EE26-4934-99D7-166567CF83E7}"
EndProject
Project("{8BC9CEB8-8B4A-11D0-8D11-00A0C91BC942}") = "Engine", "Engine\Engine.vcxproj", "{26F83A88-A038-4A21-9857-1E9360341EF5}"
EndProject
Project("{8BC9CEB8-8B4A-11D0-8D11-00A0C91BC942}") = "UnitTest", "UnitTest\UnitTest.vcxproj", "{5E1D7992-F55F-4662-97D2-0CC53A1D62AD}"
	ProjectSection(ProjectDependencies) = postProject
		{8D6D5138-EE26-4934-99D7-166567CF83E7} = {8D6D5138-EE26-4934-99D7-166567CF83E7}
		{26F83A88-A038-4A21-9857-1E9360341EF5} = {26F83A88-A038-4A21-9857-1E9360341EF5}
	EndProjectSection
EndProject
Project("{8BC9CEB8-8B4A-11D0-8D11-00A0C91BC942}") = "Cal3D", "cal3d\cal3d.vcxproj", "{9BFDEC28-3270-49E6-9EFC-9A03D3412BA3}"
EndProject
Global
	GlobalSection(SolutionConfigurationPlatforms) = preSolution
		Debug|Win32 = Debug|Win32
		Release|Win32 = Release|Win32
	EndGlobalSection
	GlobalSection(ProjectConfigurationPlatforms) = postSolution
		{816A670E-D1FD-4025-A148-2C422E6230C1}.Debug|Win32.ActiveCfg = Debug|Win32
		{816A670E-D1FD-4025-A148-2C422E6230C1}.Debug|Win32.Build.0 = Debug|Win32
		{816A670E-D1FD-4025-A148-2C422E6230C1}.Release|Win32.ActiveCfg = Release|Win32
		{816A670E-D1FD-4025-A148-2C422E6230C1}.Release|Win32.Build.0 = Release|Win32
		{8D6D5138-EE26-4934-99D7-166567CF83E7}.Debug|Win32.ActiveCfg = Debug|Win32
		{8D6D5138-EE26-4934-99D7-166567CF83E7}.Debug|Win32.Build.0 = Debug|Win32
		{8D6D5138-EE26-4934-99D7-166567CF83E7}.Release|Win32.ActiveCfg = Release|Win32
		{8D6D5138-EE26-4934-99D7-166567CF83E7}.Release|Win32.Build.0 = Release|Win32
		{26F83A88-A038-4A21-9857-1E9360341EF5}.Debug|Win32.ActiveCfg = Debug|Win32
		{26F83A88-A038-4A21-9857-1E9360341EF5}.Debug|Win32.Build.0 = Debug|Win32
		{26F83A88-A038-4A21-9857-1E9360341EF5}.Release|Win32.ActiveCfg = Release|Win32
		{26F83A88-A038-4A21-9857-1E9360341EF5}.Release|Win32.Build.0 = Release|Win32
		{5E1D7992-F55F-4662-97D2-0CC53A1D62AD}.Debug|Win32.ActiveCfg = Debug|Win32
		{5E1D7992-F55F-4662-97D2-0CC53A1D62AD}.Debug|Win32.Build.0 = Debug|Win32
		{5E1D7992-F55F-4662-97D2-0CC53A1D62AD}.Release|Win32.ActiveCfg = Release|Win32
		{5E1D7992-F55F-4662-97D2-0CC53A1D62AD}.Release|Win32.Build.0 = Release|Win32
		{9BFDEC28-3270-49E6-9EFC-9A03D3412BA3}.Debug|Win32.ActiveCfg = Debug|Win32
		{9BFDEC28-3270-49E6-9EFC-9A03D3412BA3}.Debug|Win32.Build.0 = Debug|Win32
		{9BFDEC28-3270-49E6-9EFC-9A03D3412BA3}.Release|Win32.ActiveCfg = Release|Win32
		{9BFDEC28-3270-49E6-9EFC-9A03D3412BA3}.Release|Win32.Build.0 = Release|Win32
	EndGlobalSection
	GlobalSection(SolutionProperties) = preSolution
		HideSolutionNode = FALSE
	EndGlobalSection
EndGlobal
