<?xml version="1.0" encoding="utf-8"?>
<Project ToolsVersion="4.0" xmlns="http://schemas.microsoft.com/developer/msbuild/2003">
  <ItemGroup>
    <Filter Include="Archivos de encabezado">
      <UniqueIdentifier>{93995380-89BD-4b04-88EB-625FBE52EBFB}</UniqueIdentifier>
      <Extensions>h;hh;hpp;hxx;hm;inl;inc;xsd</Extensions>
    </Filter>
    <Filter Include="Archivos de recursos">
      <UniqueIdentifier>{67DA6AB6-F800-4c08-8B7A-83BB121AAD01}</UniqueIdentifier>
      <Extensions>rc;ico;cur;bmp;dlg;rc2;rct;bin;rgs;gif;jpg;jpeg;jpe;resx;tiff;tif;png;wav;mfcribbon-ms</Extensions>
    </Filter>
    <Filter Include="Archivos de recursos\Materials">
      <UniqueIdentifier>{022f74db-6f7b-4b21-a3d0-84ddf7d28ce8}</UniqueIdentifier>
    </Filter>
    <Filter Include="Archivos de encabezado\Render">
      <UniqueIdentifier>{1973e7a2-7cd5-442f-98b3-8743c3bca0f1}</UniqueIdentifier>
    </Filter>
    <Filter Include="Archivos de encabezado\Input">
      <UniqueIdentifier>{30eb8b1b-bc1d-4b7c-a3bc-e120ae734fa3}</UniqueIdentifier>
    </Filter>
    <Filter Include="Archivos de encabezado\Debug">
      <UniqueIdentifier>{a55a7c53-36d0-4122-859a-521585c10e96}</UniqueIdentifier>
    </Filter>
    <Filter Include="Archivos de código fuente">
      <UniqueIdentifier>{4FC737F1-C7A5-4376-A066-2A32D752A2FF}</UniqueIdentifier>
      <Extensions>cpp;c;cc;cxx;def;odl;idl;hpj;bat;asm;asmx</Extensions>
    </Filter>
    <Filter Include="Archivos de código fuente\Render">
      <UniqueIdentifier>{ba341513-ab9a-4e8b-8ac1-839836e9ae8a}</UniqueIdentifier>
    </Filter>
    <Filter Include="Archivos de código fuente\Input">
      <UniqueIdentifier>{4c751fe5-fc74-4d7a-9f81-d931345dafb1}</UniqueIdentifier>
    </Filter>
    <Filter Include="Archivos de código fuente\Debug">
      <UniqueIdentifier>{7e249b60-3c05-4736-90b0-97cbd0f5e4f7}</UniqueIdentifier>
    </Filter>
    <Filter Include="Archivos de encabezado\Camera">
      <UniqueIdentifier>{34762282-02e6-45bc-a9d9-b841e78c95dd}</UniqueIdentifier>
    </Filter>
    <Filter Include="Archivos de código fuente\Camera">
      <UniqueIdentifier>{b0bc990a-44ea-46bc-9127-a5524987cf68}</UniqueIdentifier>
    </Filter>
  </ItemGroup>
  <ItemGroup>
    <Text Include="ReadMe.txt" />
  </ItemGroup>
  <ItemGroup>
    <ClInclude Include="Render\RenderManager.h">
      <Filter>Archivos de encabezado\Render</Filter>
    </ClInclude>
    <ClInclude Include="Input\InputDefinitions.h">
      <Filter>Archivos de encabezado\Input</Filter>
    </ClInclude>
    <ClInclude Include="Input\InputManager.h">
      <Filter>Archivos de encabezado\Input</Filter>
    </ClInclude>
    <ClInclude Include="Input\ActionManager.h">
      <Filter>Archivos de encabezado\Input</Filter>
    </ClInclude>
    <ClInclude Include="imgui_impl_dx11.h">
      <Filter>Archivos de encabezado\Debug</Filter>
    </ClInclude>
    <ClInclude Include="CameraController.h">
      <Filter>Archivos de encabezado\Camera</Filter>
    </ClInclude>
    <ClInclude Include="SphericalCameraController.h">
      <Filter>Archivos de encabezado\Camera</Filter>
    </ClInclude>
    <ClInclude Include="FpsCameraController.h">
      <Filter>Archivos de encabezado\Camera</Filter>
    </ClInclude>
    <ClInclude Include="TpsCameraController.h">
      <Filter>Archivos de encabezado\Camera</Filter>
    </ClInclude>
  </ItemGroup>
  <ItemGroup>
    <ClCompile Include="Render\RenderManager.cpp">
      <Filter>Archivos de código fuente\Render</Filter>
    </ClCompile>
    <ClCompile Include="Input\InputManager.cpp">
      <Filter>Archivos de código fuente\Input</Filter>
    </ClCompile>
    <ClCompile Include="Input\ActionManager.cpp">
      <Filter>Archivos de código fuente\Input</Filter>
    </ClCompile>
    <ClCompile Include="imgui_impl_dx11.cpp">
      <Filter>Archivos de código fuente\Debug</Filter>
    </ClCompile>
    <ClCompile Include="SphericalCameraController.cpp">
      <Filter>Archivos de código fuente\Camera</Filter>
    </ClCompile>
    <ClCompile Include="FpsCameraController.cpp">
      <Filter>Archivos de código fuente\Camera</Filter>
    </ClCompile>
    <ClCompile Include="TpsCameraController.cpp">
      <Filter>Archivos de código fuente\Camera</Filter>
    </ClCompile>
  </ItemGroup>
  <ItemGroup>
    <Xml Include="Materials\materials.xml">
      <Filter>Archivos de recursos\Materials</Filter>
    </Xml>
  </ItemGroup>
</Project>