<?xml version="1.0" encoding="utf-8"?>
<Project ToolsVersion="4.0" xmlns="http://schemas.microsoft.com/developer/msbuild/2003">
  <ItemGroup>
    <Filter Include="Archivos de encabezado">
      <UniqueIdentifier>{93995380-89BD-4b04-88EB-625FBE52EBFB}</UniqueIdentifier>
      <Extensions>h;hh;hpp;hxx;hm;inl;inc;xsd</Extensions>
    </Filter>
    <Filter Include="Archivos de recursos">
      <UniqueIdentifier>{67DA6AB6-F800-4c08-8B7A-83BB121AAD01}</UniqueIdentifier>
      <Extensions>rc;ico;cur;bmp;dlg;rc2;rct;bin;rgs;gif;jpg;jpeg;jpe;resx;tiff;tif;png;wav;mfcribbon-ms</Extensions>
    </Filter>
    <Filter Include="Archivos de recursos\Materials">
      <UniqueIdentifier>{022f74db-6f7b-4b21-a3d0-84ddf7d28ce8}</UniqueIdentifier>
    </Filter>
    <Filter Include="Archivos de encabezado\Render">
      <UniqueIdentifier>{1973e7a2-7cd5-442f-98b3-8743c3bca0f1}</UniqueIdentifier>
    </Filter>
    <Filter Include="Archivos de encabezado\Input">
      <UniqueIdentifier>{30eb8b1b-bc1d-4b7c-a3bc-e120ae734fa3}</UniqueIdentifier>
    </Filter>
    <Filter Include="Archivos de encabezado\Debug">
      <UniqueIdentifier>{a55a7c53-36d0-4122-859a-521585c10e96}</UniqueIdentifier>
    </Filter>
    <Filter Include="Archivos de código fuente">
      <UniqueIdentifier>{4FC737F1-C7A5-4376-A066-2A32D752A2FF}</UniqueIdentifier>
      <Extensions>cpp;c;cc;cxx;def;odl;idl;hpj;bat;asm;asmx</Extensions>
    </Filter>
    <Filter Include="Archivos de código fuente\Render">
      <UniqueIdentifier>{ba341513-ab9a-4e8b-8ac1-839836e9ae8a}</UniqueIdentifier>
    </Filter>
    <Filter Include="Archivos de código fuente\Input">
      <UniqueIdentifier>{4c751fe5-fc74-4d7a-9f81-d931345dafb1}</UniqueIdentifier>
    </Filter>
    <Filter Include="Archivos de código fuente\Debug">
      <UniqueIdentifier>{7e249b60-3c05-4736-90b0-97cbd0f5e4f7}</UniqueIdentifier>
    </Filter>
    <Filter Include="Archivos de encabezado\Camera">
      <UniqueIdentifier>{34762282-02e6-45bc-a9d9-b841e78c95dd}</UniqueIdentifier>
    </Filter>
    <Filter Include="Archivos de código fuente\Camera">
      <UniqueIdentifier>{b0bc990a-44ea-46bc-9127-a5524987cf68}</UniqueIdentifier>
    </Filter>
    <Filter Include="Archivos de encabezado\Mesh">
      <UniqueIdentifier>{3dc83f49-82c3-4bc7-8069-40ccf418aba7}</UniqueIdentifier>
    </Filter>
    <Filter Include="Archivos de código fuente\Mesh">
      <UniqueIdentifier>{d246a7a4-521e-4efc-b412-7966b0c50857}</UniqueIdentifier>
    </Filter>
    <Filter Include="Archivos de encabezado\Materials">
      <UniqueIdentifier>{70f295cb-9c3c-4705-8893-f4cebbdf9895}</UniqueIdentifier>
    </Filter>
    <Filter Include="Archivos de código fuente\Materials">
      <UniqueIdentifier>{b1a245e1-7d0e-44d5-ba79-70e34bdeba88}</UniqueIdentifier>
    </Filter>
    <Filter Include="Archivos de código fuente\Textures">
      <UniqueIdentifier>{c5fe1d1d-0a5d-4575-9227-72302ea5b8f5}</UniqueIdentifier>
    </Filter>
    <Filter Include="Archivos de encabezado\Textures">
      <UniqueIdentifier>{60122475-2fe1-42d8-b815-e4b500f93b80}</UniqueIdentifier>
    </Filter>
    <Filter Include="Archivos de encabezado\Effects">
      <UniqueIdentifier>{34499a8a-4343-4fa6-8e5e-7cb65c9a5363}</UniqueIdentifier>
    </Filter>
    <Filter Include="Archivos de código fuente\Effects">
      <UniqueIdentifier>{b84fabc2-000a-4a7d-b338-357e348378cf}</UniqueIdentifier>
    </Filter>
    <Filter Include="Archivos de encabezado\Scenes">
      <UniqueIdentifier>{413fd23d-152e-4f00-a3a4-c3fdb4e525ce}</UniqueIdentifier>
    </Filter>
    <Filter Include="Archivos de código fuente\Scenes">
      <UniqueIdentifier>{2e1baaf2-9fa3-446a-bb7b-20dd3373830e}</UniqueIdentifier>
    </Filter>
    <Filter Include="Archivos de código fuente\DirectXTex">
      <UniqueIdentifier>{96b323a2-b9fb-488a-8c89-ca88d19b22db}</UniqueIdentifier>
    </Filter>
    <Filter Include="Archivos de encabezado\DirectXTex">
      <UniqueIdentifier>{8d3d88cb-1e4f-46c1-9d9d-7419ffe0c710}</UniqueIdentifier>
    </Filter>
    <Filter Include="Archivos de código fuente\Animation">
      <UniqueIdentifier>{8f0019dc-bd86-4b6a-a10c-ce84346d67a5}</UniqueIdentifier>
    </Filter>
    <Filter Include="Archivos de encabezado\Animation">
      <UniqueIdentifier>{0e462402-7944-4785-a60b-8622c609d656}</UniqueIdentifier>
    </Filter>
  </ItemGroup>
  <ItemGroup>
    <Text Include="ReadMe.txt" />
  </ItemGroup>
  <ItemGroup>
    <ClInclude Include="Render\RenderManager.h">
      <Filter>Archivos de encabezado\Render</Filter>
    </ClInclude>
    <ClInclude Include="Input\InputDefinitions.h">
      <Filter>Archivos de encabezado\Input</Filter>
    </ClInclude>
    <ClInclude Include="Input\InputManager.h">
      <Filter>Archivos de encabezado\Input</Filter>
    </ClInclude>
    <ClInclude Include="Input\ActionManager.h">
      <Filter>Archivos de encabezado\Input</Filter>
    </ClInclude>
    <ClInclude Include="imgui_impl_dx11.h">
      <Filter>Archivos de encabezado\Debug</Filter>
    </ClInclude>
    <ClInclude Include="Engine.h">
      <Filter>Archivos de encabezado</Filter>
    </ClInclude>
    <ClInclude Include="Materials\Material.h">
      <Filter>Archivos de encabezado\Materials</Filter>
    </ClInclude>
    <ClInclude Include="Materials\MaterialManager.h">
      <Filter>Archivos de encabezado\Materials</Filter>
    </ClInclude>
    <ClInclude Include="Materials\MaterialParameter.h">
      <Filter>Archivos de encabezado\Materials</Filter>
    </ClInclude>
    <ClInclude Include="Materials\TemplatedMaterialParameter.h">
      <Filter>Archivos de encabezado\Materials</Filter>
    </ClInclude>
    <ClInclude Include="Textures\Texture.h">
      <Filter>Archivos de encabezado\Textures</Filter>
    </ClInclude>
    <ClInclude Include="Textures\TextureManager.h">
      <Filter>Archivos de encabezado\Textures</Filter>
    </ClInclude>
    <ClInclude Include="Camera\CameraController.h">
      <Filter>Archivos de encabezado\Camera</Filter>
    </ClInclude>
    <ClInclude Include="Camera\FpsCameraController.h">
      <Filter>Archivos de encabezado\Camera</Filter>
    </ClInclude>
    <ClInclude Include="Camera\SphericalCameraController.h">
      <Filter>Archivos de encabezado\Camera</Filter>
    </ClInclude>
    <ClInclude Include="Camera\TpsCameraController.h">
      <Filter>Archivos de encabezado\Camera</Filter>
    </ClInclude>
    <ClInclude Include="Mesh\Buffer.h">
      <Filter>Archivos de encabezado\Mesh</Filter>
    </ClInclude>
    <ClInclude Include="Mesh\IndexBuffer.h">
      <Filter>Archivos de encabezado\Mesh</Filter>
    </ClInclude>
    <ClInclude Include="Mesh\VertexBuffer.h">
      <Filter>Archivos de encabezado\Mesh</Filter>
    </ClInclude>
    <ClInclude Include="Mesh\Geometry.h">
      <Filter>Archivos de encabezado\Mesh</Filter>
    </ClInclude>
    <ClInclude Include="Mesh\TemplatedGeometry.h">
      <Filter>Archivos de encabezado\Mesh</Filter>
    </ClInclude>
    <ClInclude Include="Mesh\TemplatedIndexedGeometry.h">
      <Filter>Archivos de encabezado\Mesh</Filter>
    </ClInclude>
    <ClInclude Include="Mesh\Mesh.h">
      <Filter>Archivos de encabezado\Mesh</Filter>
    </ClInclude>
    <ClInclude Include="Mesh\MeshManager.h">
      <Filter>Archivos de encabezado\Mesh</Filter>
    </ClInclude>
    <ClInclude Include="Mesh\BoundingSphere.h">
      <Filter>Archivos de encabezado\Mesh</Filter>
    </ClInclude>
    <ClInclude Include="Mesh\AxisAlignedBoundingBox.h">
      <Filter>Archivos de encabezado\Mesh</Filter>
    </ClInclude>
    <ClInclude Include="Mesh\VertexsTypes_HelperMacros.h">
      <Filter>Archivos de encabezado\Mesh</Filter>
    </ClInclude>
    <ClInclude Include="Mesh\VertexTypes.h">
      <Filter>Archivos de encabezado\Mesh</Filter>
    </ClInclude>
    <ClInclude Include="Effects\Effect.h">
      <Filter>Archivos de encabezado\Effects</Filter>
    </ClInclude>
    <ClInclude Include="Effects\EffectManager.h">
      <Filter>Archivos de encabezado\Effects</Filter>
    </ClInclude>
    <ClInclude Include="Effects\PixelShader.h">
      <Filter>Archivos de encabezado\Effects</Filter>
    </ClInclude>
    <ClInclude Include="Effects\Shader.h">
      <Filter>Archivos de encabezado\Effects</Filter>
    </ClInclude>
    <ClInclude Include="Effects\Technique.h">
      <Filter>Archivos de encabezado\Effects</Filter>
    </ClInclude>
    <ClInclude Include="Effects\VertexShader.h">
      <Filter>Archivos de encabezado\Effects</Filter>
    </ClInclude>
    <ClInclude Include="Effects\ShaderManager.h">
      <Filter>Archivos de encabezado\Effects</Filter>
    </ClInclude>
    <ClInclude Include="Effects\TechniquePool.h">
      <Filter>Archivos de encabezado\Effects</Filter>
    </ClInclude>
    <ClInclude Include="Effects\TechniquePoolManager.h">
      <Filter>Archivos de encabezado\Effects</Filter>
    </ClInclude>
    <ClInclude Include="Effects\ShaderInclude.h">
      <Filter>Archivos de encabezado\Effects</Filter>
    </ClInclude>
    <ClInclude Include="Scenes\Layer.h">
      <Filter>Archivos de encabezado\Scenes</Filter>
    </ClInclude>
    <ClInclude Include="Scenes\Scene.h">
      <Filter>Archivos de encabezado\Scenes</Filter>
    </ClInclude>
    <ClInclude Include="Scenes\SceneManager.h">
      <Filter>Archivos de encabezado\Scenes</Filter>
    </ClInclude>
    <ClInclude Include="Scenes\SceneMesh.h">
      <Filter>Archivos de encabezado\Scenes</Filter>
    </ClInclude>
    <ClInclude Include="Scenes\SceneNode.h">
      <Filter>Archivos de encabezado\Scenes</Filter>
    </ClInclude>
    <ClInclude Include="DirectXTex\BC.h">
      <Filter>Archivos de encabezado\DirectXTex</Filter>
    </ClInclude>
    <ClInclude Include="DirectXTex\BCDirectCompute.h">
      <Filter>Archivos de encabezado\DirectXTex</Filter>
    </ClInclude>
    <ClInclude Include="DirectXTex\DDS.h">
      <Filter>Archivos de encabezado\DirectXTex</Filter>
    </ClInclude>
    <ClInclude Include="DirectXTex\DirectXTex.h">
      <Filter>Archivos de encabezado\DirectXTex</Filter>
    </ClInclude>
    <ClInclude Include="DirectXTex\DirectXTexP.h">
      <Filter>Archivos de encabezado\DirectXTex</Filter>
    </ClInclude>
    <ClInclude Include="DirectXTex\Filters.h">
      <Filter>Archivos de encabezado\DirectXTex</Filter>
    </ClInclude>
    <ClInclude Include="DirectXTex\scoped.h">
      <Filter>Archivos de encabezado\DirectXTex</Filter>
    </ClInclude>
    <ClInclude Include="Animation\AnimatedCoreModel.h">
      <Filter>Archivos de encabezado\Animation</Filter>
    </ClInclude>
    <ClInclude Include="Animation\AnimatedModelManager.h">
      <Filter>Archivos de encabezado\Animation</Filter>
    </ClInclude>
    <ClInclude Include="Animation\SceneAnimatedModel.h">
      <Filter>Archivos de encabezado\Animation</Filter>
    </ClInclude>
  </ItemGroup>
  <ItemGroup>
    <ClCompile Include="Input\InputManager.cpp">
      <Filter>Archivos de código fuente\Input</Filter>
    </ClCompile>
    <ClCompile Include="Input\ActionManager.cpp">
      <Filter>Archivos de código fuente\Input</Filter>
    </ClCompile>
    <ClCompile Include="imgui_impl_dx11.cpp">
      <Filter>Archivos de código fuente\Debug</Filter>
    </ClCompile>
    <ClCompile Include="Engine.cpp">
      <Filter>Archivos de código fuente</Filter>
    </ClCompile>
    <ClCompile Include="Materials\MaterialManager.cpp">
      <Filter>Archivos de código fuente\Materials</Filter>
    </ClCompile>
    <ClCompile Include="Render\RenderManager.cpp">
      <Filter>Archivos de código fuente\Render</Filter>
    </ClCompile>
    <ClCompile Include="Materials\Material.cpp">
      <Filter>Archivos de código fuente\Materials</Filter>
    </ClCompile>
    <ClCompile Include="Textures\Texture.cpp">
      <Filter>Archivos de código fuente\Textures</Filter>
    </ClCompile>
    <ClCompile Include="Textures\TextureManager.cpp">
      <Filter>Archivos de código fuente\Textures</Filter>
    </ClCompile>
    <ClCompile Include="Camera\FpsCameraController.cpp">
      <Filter>Archivos de código fuente\Camera</Filter>
    </ClCompile>
    <ClCompile Include="Camera\SphericalCameraController.cpp">
      <Filter>Archivos de código fuente\Camera</Filter>
    </ClCompile>
    <ClCompile Include="Camera\TpsCameraController.cpp">
      <Filter>Archivos de código fuente\Camera</Filter>
    </ClCompile>
    <ClCompile Include="Mesh\Mesh.cpp">
      <Filter>Archivos de código fuente\Mesh</Filter>
    </ClCompile>
    <ClCompile Include="Mesh\MeshManager.cpp">
      <Filter>Archivos de código fuente\Mesh</Filter>
    </ClCompile>
    <ClCompile Include="Mesh\VertexTypes.cpp">
      <Filter>Archivos de código fuente\Mesh</Filter>
    </ClCompile>
    <ClCompile Include="Effects\Effect.cpp">
      <Filter>Archivos de código fuente\Effects</Filter>
    </ClCompile>
    <ClCompile Include="Effects\EffectManager.cpp">
      <Filter>Archivos de código fuente\Effects</Filter>
    </ClCompile>
    <ClCompile Include="Effects\PixelShader.cpp">
      <Filter>Archivos de código fuente\Effects</Filter>
    </ClCompile>
    <ClCompile Include="Effects\Shader.cpp">
      <Filter>Archivos de código fuente\Effects</Filter>
    </ClCompile>
    <ClCompile Include="Effects\VertexShader.cpp">
      <Filter>Archivos de código fuente\Effects</Filter>
    </ClCompile>
    <ClCompile Include="Effects\ShaderManager.cpp">
      <Filter>Archivos de código fuente\Effects</Filter>
    </ClCompile>
    <ClCompile Include="Effects\Technique .cpp">
      <Filter>Archivos de código fuente\Effects</Filter>
    </ClCompile>
    <ClCompile Include="Effects\TechniquePoolManager.cpp">
      <Filter>Archivos de código fuente\Effects</Filter>
    </ClCompile>
    <ClCompile Include="Effects\TechniquePool.cpp">
      <Filter>Archivos de código fuente\Effects</Filter>
    </ClCompile>
    <ClCompile Include="Scenes\Layer.cpp">
      <Filter>Archivos de código fuente\Scenes</Filter>
    </ClCompile>
    <ClCompile Include="Scenes\Scene.cpp">
      <Filter>Archivos de código fuente\Scenes</Filter>
    </ClCompile>
    <ClCompile Include="Scenes\SceneManager.cpp">
      <Filter>Archivos de código fuente\Scenes</Filter>
    </ClCompile>
    <ClCompile Include="Scenes\SceneMesh.cpp">
      <Filter>Archivos de código fuente\Scenes</Filter>
    </ClCompile>
    <ClCompile Include="Scenes\SceneNode.cpp">
      <Filter>Archivos de código fuente\Scenes</Filter>
    </ClCompile>
    <ClCompile Include="DirectXTex\BC.cpp">
      <Filter>Archivos de código fuente\DirectXTex</Filter>
    </ClCompile>
    <ClCompile Include="DirectXTex\BC4BC5.cpp">
      <Filter>Archivos de código fuente\DirectXTex</Filter>
    </ClCompile>
    <ClCompile Include="DirectXTex\BC6HBC7.cpp">
      <Filter>Archivos de código fuente\DirectXTex</Filter>
    </ClCompile>
    <ClCompile Include="DirectXTex\BCDirectCompute.cpp">
      <Filter>Archivos de código fuente\DirectXTex</Filter>
    </ClCompile>
    <ClCompile Include="DirectXTex\DirectXTexCompress.cpp">
      <Filter>Archivos de código fuente\DirectXTex</Filter>
    </ClCompile>
    <ClCompile Include="DirectXTex\DirectXTexCompressGPU.cpp">
      <Filter>Archivos de código fuente\DirectXTex</Filter>
    </ClCompile>
    <ClCompile Include="DirectXTex\DirectXTexConvert.cpp">
      <Filter>Archivos de código fuente\DirectXTex</Filter>
    </ClCompile>
    <ClCompile Include="DirectXTex\DirectXTexD3D11.cpp">
      <Filter>Archivos de código fuente\DirectXTex</Filter>
    </ClCompile>
    <ClCompile Include="DirectXTex\DirectXTexDDS.cpp">
      <Filter>Archivos de código fuente\DirectXTex</Filter>
    </ClCompile>
    <ClCompile Include="DirectXTex\DirectXTexFlipRotate.cpp">
      <Filter>Archivos de código fuente\DirectXTex</Filter>
    </ClCompile>
    <ClCompile Include="DirectXTex\DirectXTexHDR.cpp">
      <Filter>Archivos de código fuente\DirectXTex</Filter>
    </ClCompile>
    <ClCompile Include="DirectXTex\DirectXTexImage.cpp">
      <Filter>Archivos de código fuente\DirectXTex</Filter>
    </ClCompile>
    <ClCompile Include="DirectXTex\DirectXTexMipmaps.cpp">
      <Filter>Archivos de código fuente\DirectXTex</Filter>
    </ClCompile>
    <ClCompile Include="DirectXTex\DirectXTexMisc.cpp">
      <Filter>Archivos de código fuente\DirectXTex</Filter>
    </ClCompile>
    <ClCompile Include="DirectXTex\DirectXTexNormalMaps.cpp">
      <Filter>Archivos de código fuente\DirectXTex</Filter>
    </ClCompile>
    <ClCompile Include="DirectXTex\DirectXTexPMAlpha.cpp">
      <Filter>Archivos de código fuente\DirectXTex</Filter>
    </ClCompile>
    <ClCompile Include="DirectXTex\DirectXTexResize.cpp">
      <Filter>Archivos de código fuente\DirectXTex</Filter>
    </ClCompile>
    <ClCompile Include="DirectXTex\DirectXTexTGA.cpp">
      <Filter>Archivos de código fuente\DirectXTex</Filter>
    </ClCompile>
    <ClCompile Include="DirectXTex\DirectXTexUtil.cpp">
      <Filter>Archivos de código fuente\DirectXTex</Filter>
    </ClCompile>
    <ClCompile Include="DirectXTex\DirectXTexWIC.cpp">
      <Filter>Archivos de código fuente\DirectXTex</Filter>
    </ClCompile>
    <ClCompile Include="Animation\AnimatedCoreModel.cpp">
      <Filter>Archivos de código fuente\Animation</Filter>
    </ClCompile>
    <ClCompile Include="Animation\AnimatedModelManager.cpp">
      <Filter>Archivos de código fuente\Animation</Filter>
    </ClCompile>
    <ClCompile Include="Animation\SceneAnimatedModel.cpp">
      <Filter>Archivos de código fuente\Animation</Filter>
    </ClCompile>
  </ItemGroup>
  <ItemGroup>
    <Xml Include="Materials\materials.xml">
      <Filter>Archivos de recursos\Materials</Filter>
    </Xml>
  </ItemGroup>
  <ItemGroup>
    <None Include="DirectXTex\DirectXTex.inl">
      <Filter>Archivos de código fuente\DirectXTex</Filter>
    </None>
  </ItemGroup>
</Project>