<?xml version="1.0" encoding="utf-8"?>
<Project ToolsVersion="4.0" xmlns="http://schemas.microsoft.com/developer/msbuild/2003">
  <ItemGroup>
    <Filter Include="Archivos de código fuente">
      <UniqueIdentifier>{4FC737F1-C7A5-4376-A066-2A32D752A2FF}</UniqueIdentifier>
      <Extensions>cpp;c;cc;cxx;def;odl;idl;hpj;bat;asm;asmx</Extensions>
    </Filter>
    <Filter Include="Archivos de encabezado">
      <UniqueIdentifier>{93995380-89BD-4b04-88EB-625FBE52EBFB}</UniqueIdentifier>
      <Extensions>h;hh;hpp;hxx;hm;inl;inc;xsd</Extensions>
    </Filter>
    <Filter Include="Archivos de recursos">
      <UniqueIdentifier>{67DA6AB6-F800-4c08-8B7A-83BB121AAD01}</UniqueIdentifier>
      <Extensions>rc;ico;cur;bmp;dlg;rc2;rct;bin;rgs;gif;jpg;jpeg;jpe;resx;tiff;tif;png;wav;mfcribbon-ms</Extensions>
    </Filter>
    <Filter Include="Archivos de código fuente\Utils">
      <UniqueIdentifier>{c13282e9-0e68-48c2-96a2-88faac420f96}</UniqueIdentifier>
    </Filter>
    <Filter Include="Archivos de encabezado\Utils">
      <UniqueIdentifier>{7014a3c9-9f6f-4bc5-9aed-8d2944b90ed0}</UniqueIdentifier>
    </Filter>
    <Filter Include="Archivos de código fuente\Math">
      <UniqueIdentifier>{d69c4a85-b010-470e-b360-272aab8129bd}</UniqueIdentifier>
    </Filter>
    <Filter Include="Archivos de encabezado\Math">
      <UniqueIdentifier>{3afca205-d119-447d-9a62-9434dbf286c8}</UniqueIdentifier>
    </Filter>
    <Filter Include="Archivos inline">
      <UniqueIdentifier>{f60d45cf-084e-4c9a-89c8-d869dccee643}</UniqueIdentifier>
    </Filter>
    <Filter Include="Archivos inline\Math">
      <UniqueIdentifier>{50c3df59-14a3-4b30-ad89-3f8aca384bd6}</UniqueIdentifier>
    </Filter>
    <Filter Include="Archivos de encabezado\Utils\PublisherSubscriber">
      <UniqueIdentifier>{cee6c1eb-b018-40f4-ad3c-8c7300b8a4a0}</UniqueIdentifier>
    </Filter>
    <Filter Include="Archivos de encabezado\Utils\SubjectObserver">
      <UniqueIdentifier>{10e2a406-5bec-433c-931d-cea01065979b}</UniqueIdentifier>
    </Filter>
    <Filter Include="Archivos de código fuente\Utils\PublisherSubscriber">
      <UniqueIdentifier>{9d82b776-3990-4134-b0ce-cea9aedbb3a0}</UniqueIdentifier>
    </Filter>
    <Filter Include="Archivos de código fuente\Utils\SubjectObserver">
      <UniqueIdentifier>{bd2ae189-4c9e-4485-9128-104c7bc1acbd}</UniqueIdentifier>
    </Filter>
    <Filter Include="Archivos de código fuente\XML">
      <UniqueIdentifier>{d38ee909-da46-4318-975a-7c338c251f1e}</UniqueIdentifier>
    </Filter>
    <Filter Include="Archivos de encabezado\XML">
      <UniqueIdentifier>{a9f4407b-a30e-4f06-8a9d-f80a47cb3d97}</UniqueIdentifier>
    </Filter>
    <Filter Include="Archivos de código fuente\XML\tinyxml2">
      <UniqueIdentifier>{dd2439c9-ab50-4d10-8f99-59f1906d564b}</UniqueIdentifier>
    </Filter>
    <Filter Include="Archivos de encabezado\XML\tinyxml2">
      <UniqueIdentifier>{9ed88da1-5f5b-42e5-a83b-78f7f36cfba9}</UniqueIdentifier>
    </Filter>
    <Filter Include="Archivos de encabezado\Utils\MemLeaks">
      <UniqueIdentifier>{f32f4110-03ee-4655-82d4-3dab03fa7d1f}</UniqueIdentifier>
    </Filter>
    <Filter Include="Archivos de código fuente\Utils\MemLeaks">
      <UniqueIdentifier>{32951efa-0a64-49b2-a63f-b2a9927e3709}</UniqueIdentifier>
    </Filter>
    <Filter Include="Archivos de código fuente\DearImGUI">
      <UniqueIdentifier>{40e46c17-ec1a-4bf8-982c-c8ce20c395a7}</UniqueIdentifier>
    </Filter>
    <Filter Include="Archivos de encabezado\DearImGUI">
      <UniqueIdentifier>{42fa1a95-4eb2-40d2-82cf-da9a73a02db9}</UniqueIdentifier>
    </Filter>
  </ItemGroup>
  <ItemGroup>
    <Text Include="ReadMe.txt" />
  </ItemGroup>
  <ItemGroup>
    <ClCompile Include="Math\MathConstants.cpp">
      <Filter>Archivos de código fuente\Math</Filter>
    </ClCompile>
    <ClCompile Include="Math\Transform.cpp">
      <Filter>Archivos de código fuente\Math</Filter>
    </ClCompile>
    <ClCompile Include="Utils\PublisherSubscriber\Broker.cpp">
      <Filter>Archivos de código fuente\Utils\PublisherSubscriber</Filter>
    </ClCompile>
    <ClCompile Include="Utils\PublisherSubscriber\Subscriber.cpp">
      <Filter>Archivos de código fuente\Utils\PublisherSubscriber</Filter>
    </ClCompile>
    <ClCompile Include="Utils\SubjectObserver\Subject.cpp">
      <Filter>Archivos de código fuente\Utils\SubjectObserver</Filter>
    </ClCompile>
    <ClCompile Include="XML\XML.cpp">
      <Filter>Archivos de código fuente\XML</Filter>
    </ClCompile>
    <ClCompile Include="XML\tinyxml2\tinyxml2.cpp">
      <Filter>Archivos de código fuente\XML\tinyxml2</Filter>
    </ClCompile>
    <ClCompile Include="Utils\MemLeaks\MemLeaks.cpp">
      <Filter>Archivos de código fuente\Utils\MemLeaks</Filter>
    </ClCompile>
    <ClCompile Include="Utils\Name.cpp">
      <Filter>Archivos de código fuente\Utils</Filter>
    </ClCompile>
    <ClCompile Include="ImGUI\imgui.cpp">
      <Filter>Archivos de código fuente\DearImGUI</Filter>
    </ClCompile>
    <ClCompile Include="ImGUI\imgui_demo.cpp">
      <Filter>Archivos de código fuente\DearImGUI</Filter>
    </ClCompile>
    <ClCompile Include="ImGUI\imgui_draw.cpp">
      <Filter>Archivos de código fuente\DearImGUI</Filter>
    </ClCompile>
    <ClCompile Include="Utils\StringUtils.cpp">
      <Filter>Archivos de código fuente\Utils</Filter>
    </ClCompile>
  </ItemGroup>
  <ItemGroup>
    <ClInclude Include="Math\Color.h">
      <Filter>Archivos de encabezado\Math</Filter>
    </ClInclude>
    <ClInclude Include="Math\MathTypes.h">
      <Filter>Archivos de encabezado\Math</Filter>
    </ClInclude>
    <ClInclude Include="Math\MathUtils.h">
      <Filter>Archivos de encabezado\Math</Filter>
    </ClInclude>
    <ClInclude Include="Math\Matrix33.h">
      <Filter>Archivos de encabezado\Math</Filter>
    </ClInclude>
    <ClInclude Include="Math\Matrix34.h">
      <Filter>Archivos de encabezado\Math</Filter>
    </ClInclude>
    <ClInclude Include="Math\Matrix44.h">
      <Filter>Archivos de encabezado\Math</Filter>
    </ClInclude>
    <ClInclude Include="Math\Quaternion.h">
      <Filter>Archivos de encabezado\Math</Filter>
    </ClInclude>
    <ClInclude Include="Math\Transform.h">
      <Filter>Archivos de encabezado\Math</Filter>
    </ClInclude>
    <ClInclude Include="Math\Vector2.h">
      <Filter>Archivos de encabezado\Math</Filter>
    </ClInclude>
    <ClInclude Include="Math\Vector3.h">
      <Filter>Archivos de encabezado\Math</Filter>
    </ClInclude>
    <ClInclude Include="Math\Vector4.h">
      <Filter>Archivos de encabezado\Math</Filter>
    </ClInclude>
    <ClInclude Include="Utils\CheckedDelete.h">
      <Filter>Archivos de encabezado\Utils</Filter>
    </ClInclude>
    <ClInclude Include="Utils\Defines.h">
      <Filter>Archivos de encabezado\Utils</Filter>
    </ClInclude>
    <ClInclude Include="Utils\EnumToString.h">
      <Filter>Archivos de encabezado\Utils</Filter>
    </ClInclude>
    <ClInclude Include="Utils\StringUtils.h">
      <Filter>Archivos de encabezado\Utils</Filter>
    </ClInclude>
    <ClInclude Include="Utils\Types.h">
      <Filter>Archivos de encabezado\Utils</Filter>
    </ClInclude>
    <ClInclude Include="Utils\TemplatedMap.h">
      <Filter>Archivos de encabezado\Utils</Filter>
    </ClInclude>
    <ClInclude Include="Utils\TemplatedMapVector.h">
      <Filter>Archivos de encabezado\Utils</Filter>
    </ClInclude>
    <ClInclude Include="Utils\SubjectObserver\Observer.h">
      <Filter>Archivos de encabezado\Utils\SubjectObserver</Filter>
    </ClInclude>
    <ClInclude Include="Utils\SubjectObserver\Subject.h">
      <Filter>Archivos de encabezado\Utils\SubjectObserver</Filter>
    </ClInclude>
    <ClInclude Include="Utils\PublisherSubscriber\Broker.h">
      <Filter>Archivos de encabezado\Utils\PublisherSubscriber</Filter>
    </ClInclude>
    <ClInclude Include="Utils\PublisherSubscriber\Event.h">
      <Filter>Archivos de encabezado\Utils\PublisherSubscriber</Filter>
    </ClInclude>
    <ClInclude Include="Utils\PublisherSubscriber\Subscriber.h">
      <Filter>Archivos de encabezado\Utils\PublisherSubscriber</Filter>
    </ClInclude>
    <ClInclude Include="Utils\Singleton.h">
      <Filter>Archivos de encabezado\Utils</Filter>
    </ClInclude>
    <ClInclude Include="XML\XML.h">
      <Filter>Archivos de encabezado\XML</Filter>
    </ClInclude>
    <ClInclude Include="XML\tinyxml2\tinyxml2.h">
      <Filter>Archivos de encabezado\XML\tinyxml2</Filter>
    </ClInclude>
    <ClInclude Include="Utils\MemLeaks\MemLeaks.h">
      <Filter>Archivos de encabezado\Utils\MemLeaks</Filter>
    </ClInclude>
    <ClInclude Include="Utils\Name.h">
      <Filter>Archivos de encabezado\Utils</Filter>
    </ClInclude>
    <ClInclude Include="ImGUI\imconfig.h">
      <Filter>Archivos de encabezado\DearImGUI</Filter>
    </ClInclude>
    <ClInclude Include="ImGUI\imgui.h">
      <Filter>Archivos de encabezado\DearImGUI</Filter>
    </ClInclude>
    <ClInclude Include="ImGUI\imgui_internal.h">
      <Filter>Archivos de encabezado\DearImGUI</Filter>
    </ClInclude>
    <ClInclude Include="ImGUI\stb_rect_pack.h">
      <Filter>Archivos de encabezado\DearImGUI</Filter>
    </ClInclude>
    <ClInclude Include="ImGUI\stb_textedit.h">
      <Filter>Archivos de encabezado\DearImGUI</Filter>
    </ClInclude>
    <ClInclude Include="ImGUI\stb_truetype.h">
      <Filter>Archivos de encabezado\DearImGUI</Filter>
    </ClInclude>
    <ClInclude Include="Utils\Release.h">
      <Filter>Archivos de encabezado\Utils</Filter>
    </ClInclude>
    <ClInclude Include="Utils\BinFileReader.h">
      <Filter>Archivos de código fuente\Utils</Filter>
    </ClInclude>
  </ItemGroup>
  <ItemGroup>
    <None Include="Math\Color.inl">
      <Filter>Archivos inline\Math</Filter>
    </None>
    <None Include="Math\MathUtils.inl">
      <Filter>Archivos inline\Math</Filter>
    </None>
    <None Include="Math\Matrix33.inl">
      <Filter>Archivos inline\Math</Filter>
    </None>
    <None Include="Math\Matrix34.inl">
      <Filter>Archivos inline\Math</Filter>
    </None>
    <None Include="Math\Matrix44.inl">
      <Filter>Archivos inline\Math</Filter>
    </None>
    <None Include="Math\Vector2.inl">
      <Filter>Archivos inline\Math</Filter>
    </None>
    <None Include="Math\Vector3.inl">
      <Filter>Archivos inline\Math</Filter>
    </None>
    <None Include="Math\Vector4.inl">
      <Filter>Archivos inline\Math</Filter>
    </None>
  </ItemGroup>
</Project>