<?xml version="1.0" encoding="utf-8"?>
<Project ToolsVersion="4.0" xmlns="http://schemas.microsoft.com/developer/msbuild/2003">
  <ItemGroup>
    <Filter Include="Engine">
      <UniqueIdentifier>{DBC7D3B0-C769-FE86-B024-12DB9C6585D7}</UniqueIdentifier>
    </Filter>
    <Filter Include="Graphics">
      <UniqueIdentifier>{1653CE33-0220-293F-2B39-17E717655ECD}</UniqueIdentifier>
    </Filter>
    <Filter Include="Graphics\Animation">
      <UniqueIdentifier>{855FDEBF-7143-9F15-DAA3-9968C6A68997}</UniqueIdentifier>
    </Filter>
    <Filter Include="Graphics\Buffers">
      <UniqueIdentifier>{92C817CE-7EC1-3620-A7F3-1BA5934B162C}</UniqueIdentifier>
    </Filter>
    <Filter Include="Graphics\Camera">
      <UniqueIdentifier>{CED20E8B-3A5E-7C4F-436F-FF43AF79D84F}</UniqueIdentifier>
    </Filter>
    <Filter Include="Graphics\Cinematics">
      <UniqueIdentifier>{658374CD-D1E4-51DB-5A52-988DC6B2889A}</UniqueIdentifier>
    </Filter>
    <Filter Include="Graphics\Effects">
      <UniqueIdentifier>{C5880892-B181-27E4-DAB3-0C69C60B07F0}</UniqueIdentifier>
    </Filter>
    <Filter Include="Graphics\Lights">
      <UniqueIdentifier>{50C79AA0-BC52-0865-C563-8B59316E6465}</UniqueIdentifier>
    </Filter>
    <Filter Include="Graphics\Materials">
      <UniqueIdentifier>{67A9A073-538D-61C9-BCED-5B1CA8F04B4B}</UniqueIdentifier>
    </Filter>
    <Filter Include="Graphics\Mesh">
      <UniqueIdentifier>{92268A97-FEE6-05CE-C721-4F4B33A14AAA}</UniqueIdentifier>
    </Filter>
    <Filter Include="Graphics\Particles">
      <UniqueIdentifier>{6CEB7859-58CF-39AF-C12F-3402AD322431}</UniqueIdentifier>
    </Filter>
    <Filter Include="Graphics\Scenes">
      <UniqueIdentifier>{864F81B0-F2DA-EE74-FBEB-716967F64A75}</UniqueIdentifier>
    </Filter>
    <Filter Include="Graphics\Textures">
      <UniqueIdentifier>{A9FD1089-1514-0F1F-5E8B-9A40CAE0DFA6}</UniqueIdentifier>
    </Filter>
    <Filter Include="Input">
      <UniqueIdentifier>{953A660D-014F-8EBE-CAD0-311E36A48AEF}</UniqueIdentifier>
    </Filter>
    <Filter Include="Physx">
      <UniqueIdentifier>{E1C1E10D-4DD6-09BF-1658-AD1E822B06F0}</UniqueIdentifier>
    </Filter>
    <Filter Include="Render">
      <UniqueIdentifier>{C5BB87CE-B15D-B2A4-9A18-C6F8865939F5}</UniqueIdentifier>
    </Filter>
    <Filter Include="Render\RenderPipeline">
      <UniqueIdentifier>{8A479D90-F6B3-588B-BFA7-F0E82BD37AF3}</UniqueIdentifier>
    </Filter>
    <Filter Include="Scripts">
      <UniqueIdentifier>{4D6F1AE8-B94E-9983-C266-245A2EC5FFE4}</UniqueIdentifier>
    </Filter>
    <Filter Include="Scripts\Bindings">
      <UniqueIdentifier>{4AFFCD57-36F8-ECA9-5F2A-D22E4B82CCB5}</UniqueIdentifier>
    </Filter>
    <Filter Include="Sound">
      <UniqueIdentifier>{4ED01B0E-BAE4-43BF-8366-E71EEF3940F0}</UniqueIdentifier>
    </Filter>
  </ItemGroup>
  <ItemGroup>
    <ClInclude Include="..\..\src\Engine\Engine\Engine.h">
      <Filter>Engine</Filter>
    </ClInclude>
    <ClInclude Include="..\..\src\Engine\Graphics\Animation\AnimatedCoreModel.h">
      <Filter>Graphics\Animation</Filter>
    </ClInclude>
    <ClInclude Include="..\..\src\Engine\Graphics\Animation\AnimatedModelManager.h">
      <Filter>Graphics\Animation</Filter>
    </ClInclude>
    <ClInclude Include="..\..\src\Engine\Graphics\Animation\SceneAnimatedModel.h">
      <Filter>Graphics\Animation</Filter>
    </ClInclude>
    <ClInclude Include="..\..\src\Engine\Graphics\Buffers\ConstantBuffer.h">
      <Filter>Graphics\Buffers</Filter>
    </ClInclude>
    <ClInclude Include="..\..\src\Engine\Graphics\Buffers\ConstantBufferManager.h">
      <Filter>Graphics\Buffers</Filter>
    </ClInclude>
    <ClInclude Include="..\..\src\Engine\Graphics\Camera\CameraController.h">
      <Filter>Graphics\Camera</Filter>
    </ClInclude>
    <ClInclude Include="..\..\src\Engine\Graphics\Camera\CinematicCameraController.h">
      <Filter>Graphics\Camera</Filter>
    </ClInclude>
    <ClInclude Include="..\..\src\Engine\Graphics\Camera\FpsCameraController.h">
      <Filter>Graphics\Camera</Filter>
    </ClInclude>
    <ClInclude Include="..\..\src\Engine\Graphics\Camera\FreeCameraController.h">
      <Filter>Graphics\Camera</Filter>
    </ClInclude>
    <ClInclude Include="..\..\src\Engine\Graphics\Camera\Frustum.h">
      <Filter>Graphics\Camera</Filter>
    </ClInclude>
    <ClInclude Include="..\..\src\Engine\Graphics\Camera\SphericalCameraController.h">
      <Filter>Graphics\Camera</Filter>
    </ClInclude>
    <ClInclude Include="..\..\src\Engine\Graphics\Camera\TpsCameraController.h">
      <Filter>Graphics\Camera</Filter>
    </ClInclude>
    <ClInclude Include="..\..\src\Engine\Graphics\Cinematics\Cinematic.h">
      <Filter>Graphics\Cinematics</Filter>
    </ClInclude>
    <ClInclude Include="..\..\src\Engine\Graphics\Cinematics\CinematicCameraKey.h">
      <Filter>Graphics\Cinematics</Filter>
    </ClInclude>
    <ClInclude Include="..\..\src\Engine\Graphics\Cinematics\CinematicCameraPlayer.h">
      <Filter>Graphics\Cinematics</Filter>
    </ClInclude>
    <ClInclude Include="..\..\src\Engine\Graphics\Cinematics\CinematicKey.h">
      <Filter>Graphics\Cinematics</Filter>
    </ClInclude>
    <ClInclude Include="..\..\src\Engine\Graphics\Cinematics\CinematicObjectKey.h">
      <Filter>Graphics\Cinematics</Filter>
    </ClInclude>
    <ClInclude Include="..\..\src\Engine\Graphics\Cinematics\CinematicObjectPlayer.h">
      <Filter>Graphics\Cinematics</Filter>
    </ClInclude>
    <ClInclude Include="..\..\src\Engine\Graphics\Cinematics\CinematicPlayer.h">
      <Filter>Graphics\Cinematics</Filter>
    </ClInclude>
    <ClInclude Include="..\..\src\Engine\Graphics\Cinematics\CinematicsManager.h">
      <Filter>Graphics\Cinematics</Filter>
    </ClInclude>
    <ClInclude Include="..\..\src\Engine\Graphics\Effects\Effect.h">
      <Filter>Graphics\Effects</Filter>
    </ClInclude>
    <ClInclude Include="..\..\src\Engine\Graphics\Effects\EffectManager.h">
      <Filter>Graphics\Effects</Filter>
    </ClInclude>
    <ClInclude Include="..\..\src\Engine\Graphics\Effects\GeometryShader.h">
      <Filter>Graphics\Effects</Filter>
    </ClInclude>
    <ClInclude Include="..\..\src\Engine\Graphics\Effects\PixelShader.h">
      <Filter>Graphics\Effects</Filter>
    </ClInclude>
    <ClInclude Include="..\..\src\Engine\Graphics\Effects\Shader.h">
      <Filter>Graphics\Effects</Filter>
    </ClInclude>
    <ClInclude Include="..\..\src\Engine\Graphics\Effects\ShaderInclude.h">
      <Filter>Graphics\Effects</Filter>
    </ClInclude>
    <ClInclude Include="..\..\src\Engine\Graphics\Effects\ShaderManager.h">
      <Filter>Graphics\Effects</Filter>
    </ClInclude>
    <ClInclude Include="..\..\src\Engine\Graphics\Effects\Technique.h">
      <Filter>Graphics\Effects</Filter>
    </ClInclude>
    <ClInclude Include="..\..\src\Engine\Graphics\Effects\TechniquePool.h">
      <Filter>Graphics\Effects</Filter>
    </ClInclude>
    <ClInclude Include="..\..\src\Engine\Graphics\Effects\TechniquePoolManager.h">
      <Filter>Graphics\Effects</Filter>
    </ClInclude>
    <ClInclude Include="..\..\src\Engine\Graphics\Effects\VertexShader.h">
      <Filter>Graphics\Effects</Filter>
    </ClInclude>
    <ClInclude Include="..\..\src\Engine\Graphics\Lights\DirectionalLight.h">
      <Filter>Graphics\Lights</Filter>
    </ClInclude>
    <ClInclude Include="..\..\src\Engine\Graphics\Lights\Light.h">
      <Filter>Graphics\Lights</Filter>
    </ClInclude>
    <ClInclude Include="..\..\src\Engine\Graphics\Lights\LightManager.h">
      <Filter>Graphics\Lights</Filter>
    </ClInclude>
    <ClInclude Include="..\..\src\Engine\Graphics\Lights\PointLight.h">
      <Filter>Graphics\Lights</Filter>
    </ClInclude>
    <ClInclude Include="..\..\src\Engine\Graphics\Lights\SpotLight.h">
      <Filter>Graphics\Lights</Filter>
    </ClInclude>
    <ClInclude Include="..\..\src\Engine\Graphics\Materials\Material.h">
      <Filter>Graphics\Materials</Filter>
    </ClInclude>
    <ClInclude Include="..\..\src\Engine\Graphics\Materials\MaterialManager.h">
      <Filter>Graphics\Materials</Filter>
    </ClInclude>
    <ClInclude Include="..\..\src\Engine\Graphics\Materials\MaterialParameter.h">
      <Filter>Graphics\Materials</Filter>
    </ClInclude>
    <ClInclude Include="..\..\src\Engine\Graphics\Materials\TemplatedMaterialParameter.h">
      <Filter>Graphics\Materials</Filter>
    </ClInclude>
    <ClInclude Include="..\..\src\Engine\Graphics\Mesh\AxisAlignedBoundingBox.h">
      <Filter>Graphics\Mesh</Filter>
    </ClInclude>
    <ClInclude Include="..\..\src\Engine\Graphics\Mesh\BoundingSphere.h">
      <Filter>Graphics\Mesh</Filter>
    </ClInclude>
    <ClInclude Include="..\..\src\Engine\Graphics\Mesh\Buffer.h">
      <Filter>Graphics\Mesh</Filter>
    </ClInclude>
    <ClInclude Include="..\..\src\Engine\Graphics\Mesh\Geometry.h">
      <Filter>Graphics\Mesh</Filter>
    </ClInclude>
    <ClInclude Include="..\..\src\Engine\Graphics\Mesh\IndexBuffer.h">
      <Filter>Graphics\Mesh</Filter>
    </ClInclude>
    <ClInclude Include="..\..\src\Engine\Graphics\Mesh\Mesh.h">
      <Filter>Graphics\Mesh</Filter>
    </ClInclude>
    <ClInclude Include="..\..\src\Engine\Graphics\Mesh\MeshManager.h">
      <Filter>Graphics\Mesh</Filter>
    </ClInclude>
    <ClInclude Include="..\..\src\Engine\Graphics\Mesh\Plane.h">
      <Filter>Graphics\Mesh</Filter>
    </ClInclude>
    <ClInclude Include="..\..\src\Engine\Graphics\Mesh\TemplatedGeometry.h">
      <Filter>Graphics\Mesh</Filter>
    </ClInclude>
    <ClInclude Include="..\..\src\Engine\Graphics\Mesh\TemplatedIndexedGeometry.h">
      <Filter>Graphics\Mesh</Filter>
    </ClInclude>
    <ClInclude Include="..\..\src\Engine\Graphics\Mesh\VertexBuffer.h">
      <Filter>Graphics\Mesh</Filter>
    </ClInclude>
    <ClInclude Include="..\..\src\Engine\Graphics\Mesh\VertexTypes.h">
      <Filter>Graphics\Mesh</Filter>
    </ClInclude>
    <ClInclude Include="..\..\src\Engine\Graphics\Mesh\VertexsTypes_HelperMacros.h">
      <Filter>Graphics\Mesh</Filter>
    </ClInclude>
    <ClInclude Include="..\..\src\Engine\Graphics\Particles\ParticleManager.h">
      <Filter>Graphics\Particles</Filter>
    </ClInclude>
    <ClInclude Include="..\..\src\Engine\Graphics\Particles\ParticleSystemInstance.h">
      <Filter>Graphics\Particles</Filter>
    </ClInclude>
    <ClInclude Include="..\..\src\Engine\Graphics\Particles\ParticleSystemType.h">
      <Filter>Graphics\Particles</Filter>
    </ClInclude>
    <ClInclude Include="..\..\src\Engine\Graphics\Scenes\Layer.h">
      <Filter>Graphics\Scenes</Filter>
    </ClInclude>
    <ClInclude Include="..\..\src\Engine\Graphics\Scenes\Scene.h">
      <Filter>Graphics\Scenes</Filter>
    </ClInclude>
    <ClInclude Include="..\..\src\Engine\Graphics\Scenes\SceneBasicPrimitive.h">
      <Filter>Graphics\Scenes</Filter>
    </ClInclude>
    <ClInclude Include="..\..\src\Engine\Graphics\Scenes\SceneManager.h">
      <Filter>Graphics\Scenes</Filter>
    </ClInclude>
    <ClInclude Include="..\..\src\Engine\Graphics\Scenes\SceneMesh.h">
      <Filter>Graphics\Scenes</Filter>
    </ClInclude>
    <ClInclude Include="..\..\src\Engine\Graphics\Scenes\SceneNode.h">
      <Filter>Graphics\Scenes</Filter>
    </ClInclude>
    <ClInclude Include="..\..\src\Engine\Graphics\Textures\Texture.h">
      <Filter>Graphics\Textures</Filter>
    </ClInclude>
    <ClInclude Include="..\..\src\Engine\Graphics\Textures\TextureManager.h">
      <Filter>Graphics\Textures</Filter>
    </ClInclude>
    <ClInclude Include="..\..\src\Engine\Input\ActionManager.h">
      <Filter>Input</Filter>
    </ClInclude>
    <ClInclude Include="..\..\src\Engine\Input\CharacterController.h">
      <Filter>Input</Filter>
    </ClInclude>
    <ClInclude Include="..\..\src\Engine\Input\InputDefinitions.h">
      <Filter>Input</Filter>
    </ClInclude>
    <ClInclude Include="..\..\src\Engine\Input\InputManager.h">
      <Filter>Input</Filter>
    </ClInclude>
    <ClInclude Include="..\..\src\Engine\Physx\PhysxManager.h">
      <Filter>Physx</Filter>
    </ClInclude>
    <ClInclude Include="..\..\src\Engine\Physx\PhysxManagerImplementation.h">
      <Filter>Physx</Filter>
    </ClInclude>
    <ClInclude Include="..\..\src\Engine\Render\RenderManager.h">
      <Filter>Render</Filter>
    </ClInclude>
    <ClInclude Include="..\..\src\Engine\Render\RenderPipeline\ApplyFilter.h">
      <Filter>Render\RenderPipeline</Filter>
    </ClInclude>
    <ClInclude Include="..\..\src\Engine\Render\RenderPipeline\ApplyTechniquePool.h">
      <Filter>Render\RenderPipeline</Filter>
    </ClInclude>
    <ClInclude Include="..\..\src\Engine\Render\RenderPipeline\BeginRenderCmd.h">
      <Filter>Render\RenderPipeline</Filter>
    </ClInclude>
    <ClInclude Include="..\..\src\Engine\Render\RenderPipeline\CaptureFrameBuffer.h">
      <Filter>Render\RenderPipeline</Filter>
    </ClInclude>
    <ClInclude Include="..\..\src\Engine\Render\RenderPipeline\CaptureFrameBufferTexture.h">
      <Filter>Render\RenderPipeline</Filter>
    </ClInclude>
    <ClInclude Include="..\..\src\Engine\Render\RenderPipeline\ClearCmd.h">
      <Filter>Render\RenderPipeline</Filter>
    </ClInclude>
    <ClInclude Include="..\..\src\Engine\Render\RenderPipeline\DeferredShading.h">
      <Filter>Render\RenderPipeline</Filter>
    </ClInclude>
    <ClInclude Include="..\..\src\Engine\Render\RenderPipeline\DisableAlphaBlend.h">
      <Filter>Render\RenderPipeline</Filter>
    </ClInclude>
    <ClInclude Include="..\..\src\Engine\Render\RenderPipeline\DrawQuad.h">
      <Filter>Render\RenderPipeline</Filter>
    </ClInclude>
    <ClInclude Include="..\..\src\Engine\Render\RenderPipeline\DynamicTexture.h">
      <Filter>Render\RenderPipeline</Filter>
    </ClInclude>
    <ClInclude Include="..\..\src\Engine\Render\RenderPipeline\EnableAlphaBlend.h">
      <Filter>Render\RenderPipeline</Filter>
    </ClInclude>
    <ClInclude Include="..\..\src\Engine\Render\RenderPipeline\EndRenderCmd.h">
      <Filter>Render\RenderPipeline</Filter>
    </ClInclude>
    <ClInclude Include="..\..\src\Engine\Render\RenderPipeline\GenerateShadowMaps.h">
      <Filter>Render\RenderPipeline</Filter>
    </ClInclude>
    <ClInclude Include="..\..\src\Engine\Render\RenderPipeline\Quad.h">
      <Filter>Render\RenderPipeline</Filter>
    </ClInclude>
    <ClInclude Include="..\..\src\Engine\Render\RenderPipeline\RenderCmd.h">
      <Filter>Render\RenderPipeline</Filter>
    </ClInclude>
    <ClInclude Include="..\..\src\Engine\Render\RenderPipeline\RenderImGUI.h">
      <Filter>Render\RenderPipeline</Filter>
    </ClInclude>
    <ClInclude Include="..\..\src\Engine\Render\RenderPipeline\RenderPipeline.h">
      <Filter>Render\RenderPipeline</Filter>
    </ClInclude>
    <ClInclude Include="..\..\src\Engine\Render\RenderPipeline\RenderSceneLayer.h">
      <Filter>Render\RenderPipeline</Filter>
    </ClInclude>
    <ClInclude Include="..\..\src\Engine\Render\RenderPipeline\RenderStagedTexture.h">
      <Filter>Render\RenderPipeline</Filter>
    </ClInclude>
    <ClInclude Include="..\..\src\Engine\Render\RenderPipeline\SetAlphaBlendState.h">
      <Filter>Render\RenderPipeline</Filter>
    </ClInclude>
    <ClInclude Include="..\..\src\Engine\Render\RenderPipeline\SetDepthStencilStateCmd.h">
      <Filter>Render\RenderPipeline</Filter>
    </ClInclude>
    <ClInclude Include="..\..\src\Engine\Render\RenderPipeline\SetPerFrameConstantsCmd.h">
      <Filter>Render\RenderPipeline</Filter>
    </ClInclude>
    <ClInclude Include="..\..\src\Engine\Render\RenderPipeline\SetRasterizerState.h">
      <Filter>Render\RenderPipeline</Filter>
    </ClInclude>
    <ClInclude Include="..\..\src\Engine\Render\RenderPipeline\SetRenderTarget.h">
      <Filter>Render\RenderPipeline</Filter>
    </ClInclude>
    <ClInclude Include="..\..\src\Engine\Render\RenderPipeline\UnSetRenderTarget.h">
      <Filter>Render\RenderPipeline</Filter>
    </ClInclude>
    <ClInclude Include="..\..\src\Engine\Scripts\Script.h">
      <Filter>Scripts</Filter>
    </ClInclude>
    <ClInclude Include="..\..\src\Engine\Scripts\ScriptManager.h">
      <Filter>Scripts</Filter>
    </ClInclude>
    <ClInclude Include="..\..\src\Engine\Scripts\lua_utils.h">
      <Filter>Scripts</Filter>
    </ClInclude>
    <ClInclude Include="..\..\src\Engine\Sound\ISoundManager.h">
      <Filter>Sound</Filter>
    </ClInclude>
    <ClInclude Include="..\..\src\Engine\Sound\SoundManager.h">
      <Filter>Sound</Filter>
    </ClInclude>
    <ClInclude Include="..\..\src\Engine\Graphics\Mesh\NavMeshManager.h">
      <Filter>Graphics\Mesh</Filter>
    </ClInclude>
    <ClInclude Include="..\..\src\Engine\Graphics\Mesh\NavMesh.h">
      <Filter>Graphics\Mesh</Filter>
    </ClInclude>
  </ItemGroup>
  <ItemGroup>
    <ClCompile Include="..\..\src\Engine\Engine\Engine.cpp">
      <Filter>Engine</Filter>
    </ClCompile>
    <ClCompile Include="..\..\src\Engine\Graphics\Animation\AnimatedCoreModel.cpp">
      <Filter>Graphics\Animation</Filter>
    </ClCompile>
    <ClCompile Include="..\..\src\Engine\Graphics\Animation\AnimatedModelManager.cpp">
      <Filter>Graphics\Animation</Filter>
    </ClCompile>
    <ClCompile Include="..\..\src\Engine\Graphics\Animation\SceneAnimatedModel.cpp">
      <Filter>Graphics\Animation</Filter>
    </ClCompile>
    <ClCompile Include="..\..\src\Engine\Graphics\Buffers\ConstantBuffer.cpp">
      <Filter>Graphics\Buffers</Filter>
    </ClCompile>
    <ClCompile Include="..\..\src\Engine\Graphics\Buffers\ConstantBufferManager.cpp">
      <Filter>Graphics\Buffers</Filter>
    </ClCompile>
    <ClCompile Include="..\..\src\Engine\Graphics\Camera\CameraController.cpp">
      <Filter>Graphics\Camera</Filter>
    </ClCompile>
    <ClCompile Include="..\..\src\Engine\Graphics\Camera\CinematicCameraController.cpp">
      <Filter>Graphics\Camera</Filter>
    </ClCompile>
    <ClCompile Include="..\..\src\Engine\Graphics\Camera\FpsCameraController.cpp">
      <Filter>Graphics\Camera</Filter>
    </ClCompile>
    <ClCompile Include="..\..\src\Engine\Graphics\Camera\FreeCameraController.cpp">
      <Filter>Graphics\Camera</Filter>
    </ClCompile>
    <ClCompile Include="..\..\src\Engine\Graphics\Camera\Frustum.cpp">
      <Filter>Graphics\Camera</Filter>
    </ClCompile>
    <ClCompile Include="..\..\src\Engine\Graphics\Camera\SphericalCameraController.cpp">
      <Filter>Graphics\Camera</Filter>
    </ClCompile>
    <ClCompile Include="..\..\src\Engine\Graphics\Camera\TpsCameraController.cpp">
      <Filter>Graphics\Camera</Filter>
    </ClCompile>
    <ClCompile Include="..\..\src\Engine\Graphics\Cinematics\Cinematic.cpp">
      <Filter>Graphics\Cinematics</Filter>
    </ClCompile>
    <ClCompile Include="..\..\src\Engine\Graphics\Cinematics\CinematicCameraKey.cpp">
      <Filter>Graphics\Cinematics</Filter>
    </ClCompile>
    <ClCompile Include="..\..\src\Engine\Graphics\Cinematics\CinematicCameraPlayer.cpp">
      <Filter>Graphics\Cinematics</Filter>
    </ClCompile>
    <ClCompile Include="..\..\src\Engine\Graphics\Cinematics\CinematicKey.cpp">
      <Filter>Graphics\Cinematics</Filter>
    </ClCompile>
    <ClCompile Include="..\..\src\Engine\Graphics\Cinematics\CinematicObjectKey.cpp">
      <Filter>Graphics\Cinematics</Filter>
    </ClCompile>
    <ClCompile Include="..\..\src\Engine\Graphics\Cinematics\CinematicObjectPlayer.cpp">
      <Filter>Graphics\Cinematics</Filter>
    </ClCompile>
    <ClCompile Include="..\..\src\Engine\Graphics\Cinematics\CinematicPlayer.cpp">
      <Filter>Graphics\Cinematics</Filter>
    </ClCompile>
    <ClCompile Include="..\..\src\Engine\Graphics\Cinematics\CinematicsManager.cpp">
      <Filter>Graphics\Cinematics</Filter>
    </ClCompile>
    <ClCompile Include="..\..\src\Engine\Graphics\Effects\Effect.cpp">
      <Filter>Graphics\Effects</Filter>
    </ClCompile>
    <ClCompile Include="..\..\src\Engine\Graphics\Effects\EffectManager.cpp">
      <Filter>Graphics\Effects</Filter>
    </ClCompile>
    <ClCompile Include="..\..\src\Engine\Graphics\Effects\GeometryShader.cpp">
      <Filter>Graphics\Effects</Filter>
    </ClCompile>
    <ClCompile Include="..\..\src\Engine\Graphics\Effects\PixelShader.cpp">
      <Filter>Graphics\Effects</Filter>
    </ClCompile>
    <ClCompile Include="..\..\src\Engine\Graphics\Effects\Shader.cpp">
      <Filter>Graphics\Effects</Filter>
    </ClCompile>
    <ClCompile Include="..\..\src\Engine\Graphics\Effects\ShaderManager.cpp">
      <Filter>Graphics\Effects</Filter>
    </ClCompile>
    <ClCompile Include="..\..\src\Engine\Graphics\Effects\Technique .cpp">
      <Filter>Graphics\Effects</Filter>
    </ClCompile>
    <ClCompile Include="..\..\src\Engine\Graphics\Effects\TechniquePool.cpp">
      <Filter>Graphics\Effects</Filter>
    </ClCompile>
    <ClCompile Include="..\..\src\Engine\Graphics\Effects\TechniquePoolManager.cpp">
      <Filter>Graphics\Effects</Filter>
    </ClCompile>
    <ClCompile Include="..\..\src\Engine\Graphics\Effects\VertexShader.cpp">
      <Filter>Graphics\Effects</Filter>
    </ClCompile>
    <ClCompile Include="..\..\src\Engine\Graphics\Lights\DirectionalLight.cpp">
      <Filter>Graphics\Lights</Filter>
    </ClCompile>
    <ClCompile Include="..\..\src\Engine\Graphics\Lights\Light.cpp">
      <Filter>Graphics\Lights</Filter>
    </ClCompile>
    <ClCompile Include="..\..\src\Engine\Graphics\Lights\LightManager.cpp">
      <Filter>Graphics\Lights</Filter>
    </ClCompile>
    <ClCompile Include="..\..\src\Engine\Graphics\Lights\PointLight.cpp">
      <Filter>Graphics\Lights</Filter>
    </ClCompile>
    <ClCompile Include="..\..\src\Engine\Graphics\Lights\SpotLight.cpp">
      <Filter>Graphics\Lights</Filter>
    </ClCompile>
    <ClCompile Include="..\..\src\Engine\Graphics\Materials\Material.cpp">
      <Filter>Graphics\Materials</Filter>
    </ClCompile>
    <ClCompile Include="..\..\src\Engine\Graphics\Materials\MaterialManager.cpp">
      <Filter>Graphics\Materials</Filter>
    </ClCompile>
    <ClCompile Include="..\..\src\Engine\Graphics\Mesh\Mesh.cpp">
      <Filter>Graphics\Mesh</Filter>
    </ClCompile>
    <ClCompile Include="..\..\src\Engine\Graphics\Mesh\MeshManager.cpp">
      <Filter>Graphics\Mesh</Filter>
    </ClCompile>
    <ClCompile Include="..\..\src\Engine\Graphics\Mesh\Plane.cpp">
      <Filter>Graphics\Mesh</Filter>
    </ClCompile>
    <ClCompile Include="..\..\src\Engine\Graphics\Mesh\VertexTypes.cpp">
      <Filter>Graphics\Mesh</Filter>
    </ClCompile>
    <ClCompile Include="..\..\src\Engine\Graphics\Particles\ParticleManager.cpp">
      <Filter>Graphics\Particles</Filter>
    </ClCompile>
    <ClCompile Include="..\..\src\Engine\Graphics\Particles\ParticleSystemInstance.cpp">
      <Filter>Graphics\Particles</Filter>
    </ClCompile>
    <ClCompile Include="..\..\src\Engine\Graphics\Particles\ParticleSystemType.cpp">
      <Filter>Graphics\Particles</Filter>
    </ClCompile>
    <ClCompile Include="..\..\src\Engine\Graphics\Scenes\Layer.cpp">
      <Filter>Graphics\Scenes</Filter>
    </ClCompile>
    <ClCompile Include="..\..\src\Engine\Graphics\Scenes\Scene.cpp">
      <Filter>Graphics\Scenes</Filter>
    </ClCompile>
    <ClCompile Include="..\..\src\Engine\Graphics\Scenes\SceneBasicPrimitive.cpp">
      <Filter>Graphics\Scenes</Filter>
    </ClCompile>
    <ClCompile Include="..\..\src\Engine\Graphics\Scenes\SceneManager.cpp">
      <Filter>Graphics\Scenes</Filter>
    </ClCompile>
    <ClCompile Include="..\..\src\Engine\Graphics\Scenes\SceneMesh.cpp">
      <Filter>Graphics\Scenes</Filter>
    </ClCompile>
    <ClCompile Include="..\..\src\Engine\Graphics\Scenes\SceneNode.cpp">
      <Filter>Graphics\Scenes</Filter>
    </ClCompile>
    <ClCompile Include="..\..\src\Engine\Graphics\Textures\Texture.cpp">
      <Filter>Graphics\Textures</Filter>
    </ClCompile>
    <ClCompile Include="..\..\src\Engine\Graphics\Textures\TextureManager.cpp">
      <Filter>Graphics\Textures</Filter>
    </ClCompile>
    <ClCompile Include="..\..\src\Engine\Input\ActionManager.cpp">
      <Filter>Input</Filter>
    </ClCompile>
    <ClCompile Include="..\..\src\Engine\Input\CharacterController.cpp">
      <Filter>Input</Filter>
    </ClCompile>
    <ClCompile Include="..\..\src\Engine\Input\InputManager.cpp">
      <Filter>Input</Filter>
    </ClCompile>
    <ClCompile Include="..\..\src\Engine\Physx\PhysxManager.cpp">
      <Filter>Physx</Filter>
    </ClCompile>
    <ClCompile Include="..\..\src\Engine\Physx\PhysxManagerImplementation.cpp">
      <Filter>Physx</Filter>
    </ClCompile>
    <ClCompile Include="..\..\src\Engine\Render\RenderManager.cpp">
      <Filter>Render</Filter>
    </ClCompile>
    <ClCompile Include="..\..\src\Engine\Render\RenderPipeline\ApplyFilter.cpp">
      <Filter>Render\RenderPipeline</Filter>
    </ClCompile>
    <ClCompile Include="..\..\src\Engine\Render\RenderPipeline\ApplyTechniquePool.cpp">
      <Filter>Render\RenderPipeline</Filter>
    </ClCompile>
    <ClCompile Include="..\..\src\Engine\Render\RenderPipeline\BeginRenderCmd.cpp">
      <Filter>Render\RenderPipeline</Filter>
    </ClCompile>
    <ClCompile Include="..\..\src\Engine\Render\RenderPipeline\CaptureFrameBuffer.cpp">
      <Filter>Render\RenderPipeline</Filter>
    </ClCompile>
    <ClCompile Include="..\..\src\Engine\Render\RenderPipeline\CaptureFrameBufferTexture.cpp">
      <Filter>Render\RenderPipeline</Filter>
    </ClCompile>
    <ClCompile Include="..\..\src\Engine\Render\RenderPipeline\DeferredShading.cpp">
      <Filter>Render\RenderPipeline</Filter>
    </ClCompile>
    <ClCompile Include="..\..\src\Engine\Render\RenderPipeline\DisableAlphaBlend.cpp">
      <Filter>Render\RenderPipeline</Filter>
    </ClCompile>
    <ClCompile Include="..\..\src\Engine\Render\RenderPipeline\DrawQuad.cpp">
      <Filter>Render\RenderPipeline</Filter>
    </ClCompile>
    <ClCompile Include="..\..\src\Engine\Render\RenderPipeline\DynamicTexture.cpp">
      <Filter>Render\RenderPipeline</Filter>
    </ClCompile>
    <ClCompile Include="..\..\src\Engine\Render\RenderPipeline\EnableAlphaBlend.cpp">
      <Filter>Render\RenderPipeline</Filter>
    </ClCompile>
    <ClCompile Include="..\..\src\Engine\Render\RenderPipeline\GenerateShadowMaps.cpp">
      <Filter>Render\RenderPipeline</Filter>
    </ClCompile>
    <ClCompile Include="..\..\src\Engine\Render\RenderPipeline\Quad.cpp">
      <Filter>Render\RenderPipeline</Filter>
    </ClCompile>
    <ClCompile Include="..\..\src\Engine\Render\RenderPipeline\RenderCmd.cpp">
      <Filter>Render\RenderPipeline</Filter>
    </ClCompile>
    <ClCompile Include="..\..\src\Engine\Render\RenderPipeline\RenderImGUI.cpp">
      <Filter>Render\RenderPipeline</Filter>
    </ClCompile>
    <ClCompile Include="..\..\src\Engine\Render\RenderPipeline\RenderPipeline.cpp">
      <Filter>Render\RenderPipeline</Filter>
    </ClCompile>
    <ClCompile Include="..\..\src\Engine\Render\RenderPipeline\RenderSceneLayer.cpp">
      <Filter>Render\RenderPipeline</Filter>
    </ClCompile>
    <ClCompile Include="..\..\src\Engine\Render\RenderPipeline\RenderStagedTexture.cpp">
      <Filter>Render\RenderPipeline</Filter>
    </ClCompile>
    <ClCompile Include="..\..\src\Engine\Render\RenderPipeline\SetAlphaBlendState.cpp">
      <Filter>Render\RenderPipeline</Filter>
    </ClCompile>
    <ClCompile Include="..\..\src\Engine\Render\RenderPipeline\SetDepthStencilStateCmd.cpp">
      <Filter>Render\RenderPipeline</Filter>
    </ClCompile>
    <ClCompile Include="..\..\src\Engine\Render\RenderPipeline\SetPerFrameConstantsCmd.cpp">
      <Filter>Render\RenderPipeline</Filter>
    </ClCompile>
    <ClCompile Include="..\..\src\Engine\Render\RenderPipeline\SetRasterizerState.cpp">
      <Filter>Render\RenderPipeline</Filter>
    </ClCompile>
    <ClCompile Include="..\..\src\Engine\Render\RenderPipeline\SetRenderTarget.cpp">
      <Filter>Render\RenderPipeline</Filter>
    </ClCompile>
    <ClCompile Include="..\..\src\Engine\Render\RenderPipeline\UnSetRenderTarget.cpp">
      <Filter>Render\RenderPipeline</Filter>
    </ClCompile>
    <ClCompile Include="..\..\src\Engine\Render\RenderPipeline\clearCmd.cpp">
      <Filter>Render\RenderPipeline</Filter>
    </ClCompile>
    <ClCompile Include="..\..\src\Engine\Render\RenderPipeline\endRenderCmd.cpp">
      <Filter>Render\RenderPipeline</Filter>
    </ClCompile>
    <ClCompile Include="..\..\src\Engine\Scripts\Bindings\EngineBindings.cpp">
      <Filter>Scripts\Bindings</Filter>
    </ClCompile>
    <ClCompile Include="..\..\src\Engine\Scripts\Script.cpp">
      <Filter>Scripts</Filter>
    </ClCompile>
    <ClCompile Include="..\..\src\Engine\Scripts\ScriptManager.cpp">
      <Filter>Scripts</Filter>
    </ClCompile>
    <ClCompile Include="..\..\src\Engine\Sound\SoundManager.cpp">
      <Filter>Sound</Filter>
    </ClCompile>
    <ClCompile Include="..\..\src\Engine\Graphics\Mesh\NavMeshManager.cpp">
      <Filter>Graphics\Mesh</Filter>
    </ClCompile>
    <ClCompile Include="..\..\src\Engine\Graphics\Mesh\NavMesh.cpp">
      <Filter>Graphics\Mesh</Filter>
    </ClCompile>
  </ItemGroup>
</Project>