
Microsoft Visual Studio Solution File, Format Version 12.00
# Visual Studio 2013
VisualStudioVersion = 12.0.31101.0
MinimumVisualStudioVersion = 10.0.40219.1
Project("{8BC9CEB8-8B4A-11D0-8D11-00A0C91BC942}") = "Videogame", "Videogame.vcxproj", "{365A5600-A2C4-0A77-EB02-BC1C57ACE8CB}"
EndProject
Project("{2150E333-8FDC-42A3-9474-1A3956D46DE8}") = "3rdParty", "3rdParty", "{85F4F3D8-71C2-E7DE-5A56-580546C3C343}"
EndProject
Project("{8BC9CEB8-8B4A-11D0-8D11-00A0C91BC942}") = "Cal3D", "Cal3D.vcxproj", "{EC6CF20C-5881-1ABE-2103-BE1D8DD616EF}"
EndProject
Project("{8BC9CEB8-8B4A-11D0-8D11-00A0C91BC942}") = "lua", "lua.vcxproj", "{C78D880B-3397-887C-BC12-9F7C281B947C}"
EndProject
Project("{8BC9CEB8-8B4A-11D0-8D11-00A0C91BC942}") = "luabind", "luabind.vcxproj", "{A4A34F95-1083-CE30-199B-590785F93492}"
EndProject
Project("{2150E333-8FDC-42A3-9474-1A3956D46DE8}") = "Engine", "Engine", "{8249BEE1-6EAC-4D86-1732-863C03741909}"
EndProject
Project("{8BC9CEB8-8B4A-11D0-8D11-00A0C91BC942}") = "Base", "Base.vcxproj", "{60EC827C-4C23-840D-F50F-6A10E125000F}"
EndProject
Project("{8BC9CEB8-8B4A-11D0-8D11-00A0C91BC942}") = "Engine", "Engine.vcxproj", "{DBC7D3B0-C769-FE86-B024-12DB9C6585D7}"
EndProject
Global
	GlobalSection(SolutionConfigurationPlatforms) = preSolution
		Debug|Win32 = Debug|Win32
		Debug|x64 = Debug|x64
		Final|Win32 = Final|Win32
		Final|x64 = Final|x64
		Release|Win32 = Release|Win32
		Release|x64 = Release|x64
	EndGlobalSection
	GlobalSection(ProjectConfigurationPlatforms) = postSolution
		{365A5600-A2C4-0A77-EB02-BC1C57ACE8CB}.Debug|Win32.ActiveCfg = Debug|Win32
		{365A5600-A2C4-0A77-EB02-BC1C57ACE8CB}.Debug|Win32.Build.0 = Debug|Win32
		{365A5600-A2C4-0A77-EB02-BC1C57ACE8CB}.Debug|x64.ActiveCfg = Debug|x64
		{365A5600-A2C4-0A77-EB02-BC1C57ACE8CB}.Debug|x64.Build.0 = Debug|x64
		{365A5600-A2C4-0A77-EB02-BC1C57ACE8CB}.Final|Win32.ActiveCfg = Debug|Win32
		{365A5600-A2C4-0A77-EB02-BC1C57ACE8CB}.Final|Win32.Build.0 = Debug|Win32
		{365A5600-A2C4-0A77-EB02-BC1C57ACE8CB}.Final|x64.ActiveCfg = Final|x64
		{365A5600-A2C4-0A77-EB02-BC1C57ACE8CB}.Final|x64.Build.0 = Final|x64
		{365A5600-A2C4-0A77-EB02-BC1C57ACE8CB}.Release|Win32.ActiveCfg = Release|Win32
		{365A5600-A2C4-0A77-EB02-BC1C57ACE8CB}.Release|Win32.Build.0 = Release|Win32
		{365A5600-A2C4-0A77-EB02-BC1C57ACE8CB}.Release|x64.ActiveCfg = Release|x64
		{365A5600-A2C4-0A77-EB02-BC1C57ACE8CB}.Release|x64.Build.0 = Release|x64
		{EC6CF20C-5881-1ABE-2103-BE1D8DD616EF}.Debug|Win32.ActiveCfg = Debug|Win32
		{EC6CF20C-5881-1ABE-2103-BE1D8DD616EF}.Debug|Win32.Build.0 = Debug|Win32
		{EC6CF20C-5881-1ABE-2103-BE1D8DD616EF}.Debug|x64.ActiveCfg = Debug|x64
		{EC6CF20C-5881-1ABE-2103-BE1D8DD616EF}.Debug|x64.Build.0 = Debug|x64
		{EC6CF20C-5881-1ABE-2103-BE1D8DD616EF}.Final|Win32.ActiveCfg = Debug|Win32
		{EC6CF20C-5881-1ABE-2103-BE1D8DD616EF}.Final|Win32.Build.0 = Debug|Win32
		{EC6CF20C-5881-1ABE-2103-BE1D8DD616EF}.Final|x64.ActiveCfg = Final|x64
		{EC6CF20C-5881-1ABE-2103-BE1D8DD616EF}.Final|x64.Build.0 = Final|x64
		{EC6CF20C-5881-1ABE-2103-BE1D8DD616EF}.Release|Win32.ActiveCfg = Release|Win32
		{EC6CF20C-5881-1ABE-2103-BE1D8DD616EF}.Release|Win32.Build.0 = Release|Win32
		{EC6CF20C-5881-1ABE-2103-BE1D8DD616EF}.Release|x64.ActiveCfg = Release|x64
		{EC6CF20C-5881-1ABE-2103-BE1D8DD616EF}.Release|x64.Build.0 = Release|x64
		{C78D880B-3397-887C-BC12-9F7C281B947C}.Debug|Win32.ActiveCfg = Debug|Win32
		{C78D880B-3397-887C-BC12-9F7C281B947C}.Debug|Win32.Build.0 = Debug|Win32
		{C78D880B-3397-887C-BC12-9F7C281B947C}.Debug|x64.ActiveCfg = Debug|x64
		{C78D880B-3397-887C-BC12-9F7C281B947C}.Debug|x64.Build.0 = Debug|x64
		{C78D880B-3397-887C-BC12-9F7C281B947C}.Final|Win32.ActiveCfg = Debug|Win32
		{C78D880B-3397-887C-BC12-9F7C281B947C}.Final|Win32.Build.0 = Debug|Win32
		{C78D880B-3397-887C-BC12-9F7C281B947C}.Final|x64.ActiveCfg = Final|x64
		{C78D880B-3397-887C-BC12-9F7C281B947C}.Final|x64.Build.0 = Final|x64
		{C78D880B-3397-887C-BC12-9F7C281B947C}.Release|Win32.ActiveCfg = Release|Win32
		{C78D880B-3397-887C-BC12-9F7C281B947C}.Release|Win32.Build.0 = Release|Win32
		{C78D880B-3397-887C-BC12-9F7C281B947C}.Release|x64.ActiveCfg = Release|x64
		{C78D880B-3397-887C-BC12-9F7C281B947C}.Release|x64.Build.0 = Release|x64
		{A4A34F95-1083-CE30-199B-590785F93492}.Debug|Win32.ActiveCfg = Debug|Win32
		{A4A34F95-1083-CE30-199B-590785F93492}.Debug|Win32.Build.0 = Debug|Win32
		{A4A34F95-1083-CE30-199B-590785F93492}.Debug|x64.ActiveCfg = Debug|x64
		{A4A34F95-1083-CE30-199B-590785F93492}.Debug|x64.Build.0 = Debug|x64
		{A4A34F95-1083-CE30-199B-590785F93492}.Final|Win32.ActiveCfg = Debug|Win32
		{A4A34F95-1083-CE30-199B-590785F93492}.Final|Win32.Build.0 = Debug|Win32
		{A4A34F95-1083-CE30-199B-590785F93492}.Final|x64.ActiveCfg = Final|x64
		{A4A34F95-1083-CE30-199B-590785F93492}.Final|x64.Build.0 = Final|x64
		{A4A34F95-1083-CE30-199B-590785F93492}.Release|Win32.ActiveCfg = Release|Win32
		{A4A34F95-1083-CE30-199B-590785F93492}.Release|Win32.Build.0 = Release|Win32
		{A4A34F95-1083-CE30-199B-590785F93492}.Release|x64.ActiveCfg = Release|x64
		{A4A34F95-1083-CE30-199B-590785F93492}.Release|x64.Build.0 = Release|x64
		{60EC827C-4C23-840D-F50F-6A10E125000F}.Debug|Win32.ActiveCfg = Debug|Win32
		{60EC827C-4C23-840D-F50F-6A10E125000F}.Debug|Win32.Build.0 = Debug|Win32
		{60EC827C-4C23-840D-F50F-6A10E125000F}.Debug|x64.ActiveCfg = Debug|x64
		{60EC827C-4C23-840D-F50F-6A10E125000F}.Debug|x64.Build.0 = Debug|x64
		{60EC827C-4C23-840D-F50F-6A10E125000F}.Final|Win32.ActiveCfg = Debug|Win32
		{60EC827C-4C23-840D-F50F-6A10E125000F}.Final|Win32.Build.0 = Debug|Win32
		{60EC827C-4C23-840D-F50F-6A10E125000F}.Final|x64.ActiveCfg = Final|x64
		{60EC827C-4C23-840D-F50F-6A10E125000F}.Final|x64.Build.0 = Final|x64
		{60EC827C-4C23-840D-F50F-6A10E125000F}.Release|Win32.ActiveCfg = Release|Win32
		{60EC827C-4C23-840D-F50F-6A10E125000F}.Release|Win32.Build.0 = Release|Win32
		{60EC827C-4C23-840D-F50F-6A10E125000F}.Release|x64.ActiveCfg = Release|x64
		{60EC827C-4C23-840D-F50F-6A10E125000F}.Release|x64.Build.0 = Release|x64
		{DBC7D3B0-C769-FE86-B024-12DB9C6585D7}.Debug|Win32.ActiveCfg = Debug|Win32
		{DBC7D3B0-C769-FE86-B024-12DB9C6585D7}.Debug|Win32.Build.0 = Debug|Win32
		{DBC7D3B0-C769-FE86-B024-12DB9C6585D7}.Debug|x64.ActiveCfg = Debug|x64
		{DBC7D3B0-C769-FE86-B024-12DB9C6585D7}.Debug|x64.Build.0 = Debug|x64
		{DBC7D3B0-C769-FE86-B024-12DB9C6585D7}.Final|Win32.ActiveCfg = Debug|Win32
		{DBC7D3B0-C769-FE86-B024-12DB9C6585D7}.Final|Win32.Build.0 = Debug|Win32
		{DBC7D3B0-C769-FE86-B024-12DB9C6585D7}.Final|x64.ActiveCfg = Final|x64
		{DBC7D3B0-C769-FE86-B024-12DB9C6585D7}.Final|x64.Build.0 = Final|x64
		{DBC7D3B0-C769-FE86-B024-12DB9C6585D7}.Release|Win32.ActiveCfg = Release|Win32
		{DBC7D3B0-C769-FE86-B024-12DB9C6585D7}.Release|Win32.Build.0 = Release|Win32
		{DBC7D3B0-C769-FE86-B024-12DB9C6585D7}.Release|x64.ActiveCfg = Release|x64
		{DBC7D3B0-C769-FE86-B024-12DB9C6585D7}.Release|x64.Build.0 = Release|x64
	EndGlobalSection
	GlobalSection(SolutionProperties) = preSolution
		HideSolutionNode = FALSE
	EndGlobalSection
	GlobalSection(NestedProjects) = preSolution
		{EC6CF20C-5881-1ABE-2103-BE1D8DD616EF} = {85F4F3D8-71C2-E7DE-5A56-580546C3C343}
		{C78D880B-3397-887C-BC12-9F7C281B947C} = {85F4F3D8-71C2-E7DE-5A56-580546C3C343}
		{A4A34F95-1083-CE30-199B-590785F93492} = {85F4F3D8-71C2-E7DE-5A56-580546C3C343}
		{60EC827C-4C23-840D-F50F-6A10E125000F} = {8249BEE1-6EAC-4D86-1732-863C03741909}
		{DBC7D3B0-C769-FE86-B024-12DB9C6585D7} = {8249BEE1-6EAC-4D86-1732-863C03741909}
	EndGlobalSection
EndGlobal
